
Microsoft Visual Studio Solution File, Format Version 12.00
# Visual Studio Version 17
VisualStudioVersion = 17.3.32929.385
MinimumVisualStudioVersion = 10.0.40219.1
Project("{9A19103F-16F7-4668-BE54-9A1E7A4F7556}") = "Calastone.CodingTest.ConsoleApp", "Calastone.CodingTest.ConsoleApp\Calastone.CodingTest.ConsoleApp.csproj", "{6EDE35E3-8BB2-4E24-8240-D24A32E047AA}"
EndProject
Project("{9A19103F-16F7-4668-BE54-9A1E7A4F7556}") = "Calastone.CodingTest.TextFilter", "Calastone.CodingTest.TextFilter\Calastone.CodingTest.TextFilter.csproj", "{4A98B6A4-7AEE-4A03-AFFA-895A680BC9F4}"
EndProject
Project("{FAE04EC0-301F-11D3-BF4B-00C04F79EFBC}") = "Calastone.CodingTest.UnitTests", "Calastone.CodingTest.UnitTests\Calastone.CodingTest.UnitTests.csproj", "{B1A98103-FFE2-4AB4-AA41-788A7998B1C6}"
EndProject
Project("{2150E333-8FDC-42A3-9474-1A3956D46DE8}") = "Solution Items", "Solution Items", "{B4C3B948-B631-4461-9322-F7BB3A3FC940}"
	ProjectSection(SolutionItems) = preProject
		README.md = README.md
	EndProjectSection
EndProject
Global
	GlobalSection(SolutionConfigurationPlatforms) = preSolution
		Debug|Any CPU = Debug|Any CPU
		Release|Any CPU = Release|Any CPU
	EndGlobalSection
	GlobalSection(ProjectConfigurationPlatforms) = postSolution
		{6EDE35E3-8BB2-4E24-8240-D24A32E047AA}.Debug|Any CPU.ActiveCfg = Debug|Any CPU
		{6EDE35E3-8BB2-4E24-8240-D24A32E047AA}.Debug|Any CPU.Build.0 = Debug|Any CPU
		{6EDE35E3-8BB2-4E24-8240-D24A32E047AA}.Release|Any CPU.ActiveCfg = Release|Any CPU
		{6EDE35E3-8BB2-4E24-8240-D24A32E047AA}.Release|Any CPU.Build.0 = Release|Any CPU
		{4A98B6A4-7AEE-4A03-AFFA-895A680BC9F4}.Debug|Any CPU.ActiveCfg = Debug|Any CPU
		{4A98B6A4-7AEE-4A03-AFFA-895A680BC9F4}.Debug|Any CPU.Build.0 = Debug|Any CPU
		{4A98B6A4-7AEE-4A03-AFFA-895A680BC9F4}.Release|Any CPU.ActiveCfg = Release|Any CPU
		{4A98B6A4-7AEE-4A03-AFFA-895A680BC9F4}.Release|Any CPU.Build.0 = Release|Any CPU
		{B1A98103-FFE2-4AB4-AA41-788A7998B1C6}.Debug|Any CPU.ActiveCfg = Debug|Any CPU
		{B1A98103-FFE2-4AB4-AA41-788A7998B1C6}.Debug|Any CPU.Build.0 = Debug|Any CPU
		{B1A98103-FFE2-4AB4-AA41-788A7998B1C6}.Release|Any CPU.ActiveCfg = Release|Any CPU
		{B1A98103-FFE2-4AB4-AA41-788A7998B1C6}.Release|Any CPU.Build.0 = Release|Any CPU
	EndGlobalSection
	GlobalSection(SolutionProperties) = preSolution
		HideSolutionNode = FALSE
	EndGlobalSection
	GlobalSection(ExtensibilityGlobals) = postSolution
		SolutionGuid = {CFFED9F5-A3BB-4578-8C44-ACEDA996A35F}
	EndGlobalSection
EndGlobal
